
Microsoft Visual Studio Solution File, Format Version 12.00
# Visual Studio Version 16
VisualStudioVersion = 16.0.30225.117
MinimumVisualStudioVersion = 10.0.40219.1
Project("{FAE04EC0-301F-11D3-BF4B-00C04F79EFBC}") = "BlockTrack.Desktop", "BlockTrack.Desktop\BlockTrack.Desktop.csproj", "{541C43B4-ECF6-4AFA-987C-B204571F1051}"
EndProject
Project("{FAE04EC0-301F-11D3-BF4B-00C04F79EFBC}") = "BlockTrack.Models", "BlockTrack.Models\BlockTrack.Models.csproj", "{A589560D-7472-4C77-B8E8-F57337457F75}"
EndProject
Project("{FAE04EC0-301F-11D3-BF4B-00C04F79EFBC}") = "BlockTrack.Contracts", "BlockTrack.Contracts\BlockTrack.Contracts.csproj", "{9D5D01FC-90D2-467F-9D56-409A89D6965B}"
EndProject
Global
	GlobalSection(SolutionConfigurationPlatforms) = preSolution
		Debug|Any CPU = Debug|Any CPU
		Release|Any CPU = Release|Any CPU
	EndGlobalSection
	GlobalSection(ProjectConfigurationPlatforms) = postSolution
		{541C43B4-ECF6-4AFA-987C-B204571F1051}.Debug|Any CPU.ActiveCfg = Debug|Any CPU
		{541C43B4-ECF6-4AFA-987C-B204571F1051}.Debug|Any CPU.Build.0 = Debug|Any CPU
		{541C43B4-ECF6-4AFA-987C-B204571F1051}.Release|Any CPU.ActiveCfg = Release|Any CPU
		{541C43B4-ECF6-4AFA-987C-B204571F1051}.Release|Any CPU.Build.0 = Release|Any CPU
		{A589560D-7472-4C77-B8E8-F57337457F75}.Debug|Any CPU.ActiveCfg = Debug|Any CPU
		{A589560D-7472-4C77-B8E8-F57337457F75}.Debug|Any CPU.Build.0 = Debug|Any CPU
		{A589560D-7472-4C77-B8E8-F57337457F75}.Release|Any CPU.ActiveCfg = Release|Any CPU
		{A589560D-7472-4C77-B8E8-F57337457F75}.Release|Any CPU.Build.0 = Release|Any CPU
		{9D5D01FC-90D2-467F-9D56-409A89D6965B}.Debug|Any CPU.ActiveCfg = Debug|Any CPU
		{9D5D01FC-90D2-467F-9D56-409A89D6965B}.Debug|Any CPU.Build.0 = Debug|Any CPU
		{9D5D01FC-90D2-467F-9D56-409A89D6965B}.Release|Any CPU.ActiveCfg = Release|Any CPU
		{9D5D01FC-90D2-467F-9D56-409A89D6965B}.Release|Any CPU.Build.0 = Release|Any CPU
	EndGlobalSection
	GlobalSection(SolutionProperties) = preSolution
		HideSolutionNode = FALSE
	EndGlobalSection
	GlobalSection(ExtensibilityGlobals) = postSolution
		SolutionGuid = {0ED9F792-3AD8-40BE-BC83-B7940C10CF16}
	EndGlobalSection
EndGlobal
